{
  "version": 4,
  "terraform_version": "0.12.5",
  "serial": 815,
  "lineage": "b4f4168e-1741-d375-eb89-e7356c05a4cb",
  "outputs": {},
  "resources": [
    {
      "mode": "managed",
      "type": "openstack_networking_floatingip_v2",
      "name": "fip",
      "provider": "provider.openstack",
      "instances": [
        {
          "schema_version": 0,
          "attributes": {
            "address": "192.168.0.71",
            "all_tags": [],
            "description": "",
            "dns_domain": "",
            "dns_name": "",
            "fixed_ip": "10.0.0.69",
            "id": "f84207a8-e480-478b-9ccc-422c3e0e70bd",
            "pool": "public_network",
            "port_id": "e62de2e5-31e3-427d-b25c-a0a4ec29262a",
            "region": "RegionOne",
            "subnet_id": null,
            "subnet_ids": null,
            "tags": [],
            "tenant_id": "e0b131a665334a1ba799e8f27c551961",
            "timeouts": null,
            "value_specs": null
          },
          "private": "eyJlMmJmYjczMC1lY2FhLTExZTYtOGY4OC0zNDM2M2JjN2M0YzAiOnsiY3JlYXRlIjo2MDAwMDAwMDAwMDAsImRlbGV0ZSI6NjAwMDAwMDAwMDAwfX0="
        }
      ]
    },
    {
      "mode": "managed",
      "type": "openstack_networking_floatingip_v2",
      "name": "fip2",
      "provider": "provider.openstack",
      "instances": [
        {
          "schema_version": 0,
          "attributes": {
            "address": "192.168.0.66",
            "all_tags": [],
            "description": "",
            "dns_domain": "",
            "dns_name": "",
            "fixed_ip": "10.0.0.194",
            "id": "eda46eb7-45ae-47b7-bc36-39481a552448",
            "pool": "public_network",
            "port_id": "d8e5bcd7-7a6f-4332-ab5c-31e1800292e6",
            "region": "RegionOne",
            "subnet_id": null,
            "subnet_ids": null,
            "tags": [],
            "tenant_id": "e0b131a665334a1ba799e8f27c551961",
            "timeouts": null,
            "value_specs": null
          },
          "private": "eyJlMmJmYjczMC1lY2FhLTExZTYtOGY4OC0zNDM2M2JjN2M0YzAiOnsiY3JlYXRlIjo2MDAwMDAwMDAwMDAsImRlbGV0ZSI6NjAwMDAwMDAwMDAwfX0="
        }
      ]
    },
    {
      "mode": "managed",
      "type": "openstack_networking_floatingip_v2",
      "name": "fip3",
      "provider": "provider.openstack",
      "instances": [
        {
          "schema_version": 0,
          "attributes": {
            "address": "192.168.0.67",
            "all_tags": [],
            "description": "",
            "dns_domain": "",
            "dns_name": "",
            "fixed_ip": "",
            "id": "5843c716-b867-4d6c-936a-8860ba115b78",
            "pool": "public_network",
            "port_id": "",
            "region": "RegionOne",
            "subnet_id": null,
            "subnet_ids": null,
            "tags": [],
            "tenant_id": "e0b131a665334a1ba799e8f27c551961",
            "timeouts": null,
            "value_specs": null
          },
          "private": "eyJlMmJmYjczMC1lY2FhLTExZTYtOGY4OC0zNDM2M2JjN2M0YzAiOnsiY3JlYXRlIjo2MDAwMDAwMDAwMDAsImRlbGV0ZSI6NjAwMDAwMDAwMDAwfX0="
        }
      ]
    },
    {
      "mode": "managed",
      "type": "openstack_networking_floatingip_v2",
      "name": "fip4",
      "provider": "provider.openstack",
      "instances": [
        {
          "schema_version": 0,
          "attributes": {
            "address": "192.168.0.74",
            "all_tags": [],
            "description": "",
            "dns_domain": "",
            "dns_name": "",
            "fixed_ip": "10.0.0.213",
            "id": "94a71652-bbf1-4c37-8825-72441d0e33ac",
            "pool": "public_network",
            "port_id": "4fd0d0a6-eca0-4a3e-910d-5a91a7bf36ea",
            "region": "RegionOne",
            "subnet_id": null,
            "subnet_ids": null,
            "tags": [],
            "tenant_id": "e0b131a665334a1ba799e8f27c551961",
            "timeouts": null,
            "value_specs": null
          },
          "private": "eyJlMmJmYjczMC1lY2FhLTExZTYtOGY4OC0zNDM2M2JjN2M0YzAiOnsiY3JlYXRlIjo2MDAwMDAwMDAwMDAsImRlbGV0ZSI6NjAwMDAwMDAwMDAwfX0="
        }
      ]
    },
    {
      "mode": "managed",
      "type": "openstack_networking_floatingip_v2",
      "name": "fip5",
      "provider": "provider.openstack",
      "instances": [
        {
          "schema_version": 0,
          "attributes": {
            "address": "192.168.0.64",
            "all_tags": [],
            "description": "",
            "dns_domain": "",
            "dns_name": "",
            "fixed_ip": "",
            "id": "417ed186-3c2b-42fd-b0f2-ec9de20bd8ee",
            "pool": "public_network",
            "port_id": "",
            "region": "RegionOne",
            "subnet_id": null,
            "subnet_ids": null,
            "tags": [],
            "tenant_id": "e0b131a665334a1ba799e8f27c551961",
            "timeouts": null,
            "value_specs": null
          },
          "private": "eyJlMmJmYjczMC1lY2FhLTExZTYtOGY4OC0zNDM2M2JjN2M0YzAiOnsiY3JlYXRlIjo2MDAwMDAwMDAwMDAsImRlbGV0ZSI6NjAwMDAwMDAwMDAwfX0="
        }
      ]
    }
  ]
}
